
Microsoft Visual Studio Solution File, Format Version 12.00
# Visual Studio Version 17
VisualStudioVersion = 17.4.33205.214
MinimumVisualStudioVersion = 10.0.40219.1
Project("{9A19103F-16F7-4668-BE54-9A1E7A4F7556}") = "ElevatorSimulation", "ElevatorSimulation\ElevatorSimulation.csproj", "{1AC5C96F-DED9-48EF-A432-AC1D14073FBF}"
EndProject
Project("{9A19103F-16F7-4668-BE54-9A1E7A4F7556}") = "ElevatorSimulationAbstractions", "ElevatorSimulationAbstractions\ElevatorSimulationAbstractions.csproj", "{5088A48F-9085-4039-8EA4-9E255E9711D1}"
EndProject
Project("{FAE04EC0-301F-11D3-BF4B-00C04F79EFBC}") = "ElevatorSimulationTest", "..\ElevatorSimulationTest\ElevatorSimulationTest.csproj", "{A7467020-D5B2-46BF-B123-3CA55B9EC9B9}"
EndProject
Global
	GlobalSection(SolutionConfigurationPlatforms) = preSolution
		Debug|Any CPU = Debug|Any CPU
		Release|Any CPU = Release|Any CPU
	EndGlobalSection
	GlobalSection(ProjectConfigurationPlatforms) = postSolution
		{1AC5C96F-DED9-48EF-A432-AC1D14073FBF}.Debug|Any CPU.ActiveCfg = Debug|Any CPU
		{1AC5C96F-DED9-48EF-A432-AC1D14073FBF}.Debug|Any CPU.Build.0 = Debug|Any CPU
		{1AC5C96F-DED9-48EF-A432-AC1D14073FBF}.Release|Any CPU.ActiveCfg = Release|Any CPU
		{1AC5C96F-DED9-48EF-A432-AC1D14073FBF}.Release|Any CPU.Build.0 = Release|Any CPU
		{5088A48F-9085-4039-8EA4-9E255E9711D1}.Debug|Any CPU.ActiveCfg = Debug|Any CPU
		{5088A48F-9085-4039-8EA4-9E255E9711D1}.Debug|Any CPU.Build.0 = Debug|Any CPU
		{5088A48F-9085-4039-8EA4-9E255E9711D1}.Release|Any CPU.ActiveCfg = Release|Any CPU
		{5088A48F-9085-4039-8EA4-9E255E9711D1}.Release|Any CPU.Build.0 = Release|Any CPU
		{A7467020-D5B2-46BF-B123-3CA55B9EC9B9}.Debug|Any CPU.ActiveCfg = Debug|Any CPU
		{A7467020-D5B2-46BF-B123-3CA55B9EC9B9}.Debug|Any CPU.Build.0 = Debug|Any CPU
		{A7467020-D5B2-46BF-B123-3CA55B9EC9B9}.Release|Any CPU.ActiveCfg = Release|Any CPU
		{A7467020-D5B2-46BF-B123-3CA55B9EC9B9}.Release|Any CPU.Build.0 = Release|Any CPU
	EndGlobalSection
	GlobalSection(SolutionProperties) = preSolution
		HideSolutionNode = FALSE
	EndGlobalSection
	GlobalSection(ExtensibilityGlobals) = postSolution
		SolutionGuid = {E08C4FD3-E242-4B65-90C4-B51D5E489F5D}
	EndGlobalSection
EndGlobal
